
Microsoft Visual Studio Solution File, Format Version 12.00
# Visual Studio 15
VisualStudioVersion = 15.0.26430.13
MinimumVisualStudioVersion = 10.0.40219.1
Project("{FAE04EC0-301F-11D3-BF4B-00C04F79EFBC}") = "Ex2", "Ex2\Ex2.csproj", "{A14214B5-180A-4443-B07B-306527D3C874}"
EndProject
Project("{FAE04EC0-301F-11D3-BF4B-00C04F79EFBC}") = "Ex3", "Ex3\Ex3.csproj", "{4664B5C8-74A0-46D8-B8B6-F6C5B7125B26}"
EndProject
Project("{FAE04EC0-301F-11D3-BF4B-00C04F79EFBC}") = "Ex4", "Ex4\Ex4.csproj", "{006BA271-FCED-444E-B7F2-A5CFB8721307}"
EndProject
Project("{FAE04EC0-301F-11D3-BF4B-00C04F79EFBC}") = "Ex5", "Ex5\Ex5.csproj", "{65937376-6E82-42DB-85EC-8415FF21F303}"
EndProject
Project("{FAE04EC0-301F-11D3-BF4B-00C04F79EFBC}") = "Ex6", "Ex6\Ex6.csproj", "{EAF9348D-E654-4FA4-8F5D-21227126830D}"
EndProject
Project("{FAE04EC0-301F-11D3-BF4B-00C04F79EFBC}") = "Ex7", "Ex7\Ex7.csproj", "{1B7B588D-792A-457B-8D2E-7306A13DA5B3}"
EndProject
Project("{FAE04EC0-301F-11D3-BF4B-00C04F79EFBC}") = "Ex8", "Ex8\Ex8.csproj", "{E74E3FA9-C46B-48F2-B9E4-C22C635C793F}"
EndProject
Project("{FAE04EC0-301F-11D3-BF4B-00C04F79EFBC}") = "Ex9", "Ex9\Ex9.csproj", "{6C36E7F6-47CB-4683-A62C-E5B71761343D}"
EndProject
Project("{FAE04EC0-301F-11D3-BF4B-00C04F79EFBC}") = "Ex10", "Ex10\Ex10.csproj", "{2E3D1583-E3D9-4388-B67E-E8B80789097C}"
EndProject
Project("{FAE04EC0-301F-11D3-BF4B-00C04F79EFBC}") = "Ex11", "Ex11\Ex11.csproj", "{F5A928F1-B9E6-4079-B639-AAD6145EEAA3}"
EndProject
Project("{FAE04EC0-301F-11D3-BF4B-00C04F79EFBC}") = "Ex12", "Ex12\Ex12.csproj", "{46C57493-81FB-405C-AA53-C7ED6151EF6A}"
EndProject
Project("{FAE04EC0-301F-11D3-BF4B-00C04F79EFBC}") = "Ex13", "Ex13\Ex13.csproj", "{A7BC7FE8-F57C-4B86-BB9D-77982EE34DBF}"
EndProject
Global
	GlobalSection(SolutionConfigurationPlatforms) = preSolution
		Debug|Any CPU = Debug|Any CPU
		Release|Any CPU = Release|Any CPU
	EndGlobalSection
	GlobalSection(ProjectConfigurationPlatforms) = postSolution
		{A14214B5-180A-4443-B07B-306527D3C874}.Debug|Any CPU.ActiveCfg = Debug|Any CPU
		{A14214B5-180A-4443-B07B-306527D3C874}.Debug|Any CPU.Build.0 = Debug|Any CPU
		{A14214B5-180A-4443-B07B-306527D3C874}.Release|Any CPU.ActiveCfg = Release|Any CPU
		{A14214B5-180A-4443-B07B-306527D3C874}.Release|Any CPU.Build.0 = Release|Any CPU
		{4664B5C8-74A0-46D8-B8B6-F6C5B7125B26}.Debug|Any CPU.ActiveCfg = Debug|Any CPU
		{4664B5C8-74A0-46D8-B8B6-F6C5B7125B26}.Debug|Any CPU.Build.0 = Debug|Any CPU
		{4664B5C8-74A0-46D8-B8B6-F6C5B7125B26}.Release|Any CPU.ActiveCfg = Release|Any CPU
		{4664B5C8-74A0-46D8-B8B6-F6C5B7125B26}.Release|Any CPU.Build.0 = Release|Any CPU
		{006BA271-FCED-444E-B7F2-A5CFB8721307}.Debug|Any CPU.ActiveCfg = Debug|Any CPU
		{006BA271-FCED-444E-B7F2-A5CFB8721307}.Debug|Any CPU.Build.0 = Debug|Any CPU
		{006BA271-FCED-444E-B7F2-A5CFB8721307}.Release|Any CPU.ActiveCfg = Release|Any CPU
		{006BA271-FCED-444E-B7F2-A5CFB8721307}.Release|Any CPU.Build.0 = Release|Any CPU
		{65937376-6E82-42DB-85EC-8415FF21F303}.Debug|Any CPU.ActiveCfg = Debug|Any CPU
		{65937376-6E82-42DB-85EC-8415FF21F303}.Debug|Any CPU.Build.0 = Debug|Any CPU
		{65937376-6E82-42DB-85EC-8415FF21F303}.Release|Any CPU.ActiveCfg = Release|Any CPU
		{65937376-6E82-42DB-85EC-8415FF21F303}.Release|Any CPU.Build.0 = Release|Any CPU
		{EAF9348D-E654-4FA4-8F5D-21227126830D}.Debug|Any CPU.ActiveCfg = Debug|Any CPU
		{EAF9348D-E654-4FA4-8F5D-21227126830D}.Debug|Any CPU.Build.0 = Debug|Any CPU
		{EAF9348D-E654-4FA4-8F5D-21227126830D}.Release|Any CPU.ActiveCfg = Release|Any CPU
		{EAF9348D-E654-4FA4-8F5D-21227126830D}.Release|Any CPU.Build.0 = Release|Any CPU
		{1B7B588D-792A-457B-8D2E-7306A13DA5B3}.Debug|Any CPU.ActiveCfg = Debug|Any CPU
		{1B7B588D-792A-457B-8D2E-7306A13DA5B3}.Debug|Any CPU.Build.0 = Debug|Any CPU
		{1B7B588D-792A-457B-8D2E-7306A13DA5B3}.Release|Any CPU.ActiveCfg = Release|Any CPU
		{1B7B588D-792A-457B-8D2E-7306A13DA5B3}.Release|Any CPU.Build.0 = Release|Any CPU
		{E74E3FA9-C46B-48F2-B9E4-C22C635C793F}.Debug|Any CPU.ActiveCfg = Debug|Any CPU
		{E74E3FA9-C46B-48F2-B9E4-C22C635C793F}.Debug|Any CPU.Build.0 = Debug|Any CPU
		{E74E3FA9-C46B-48F2-B9E4-C22C635C793F}.Release|Any CPU.ActiveCfg = Release|Any CPU
		{E74E3FA9-C46B-48F2-B9E4-C22C635C793F}.Release|Any CPU.Build.0 = Release|Any CPU
		{6C36E7F6-47CB-4683-A62C-E5B71761343D}.Debug|Any CPU.ActiveCfg = Debug|Any CPU
		{6C36E7F6-47CB-4683-A62C-E5B71761343D}.Debug|Any CPU.Build.0 = Debug|Any CPU
		{6C36E7F6-47CB-4683-A62C-E5B71761343D}.Release|Any CPU.ActiveCfg = Release|Any CPU
		{6C36E7F6-47CB-4683-A62C-E5B71761343D}.Release|Any CPU.Build.0 = Release|Any CPU
		{2E3D1583-E3D9-4388-B67E-E8B80789097C}.Debug|Any CPU.ActiveCfg = Debug|Any CPU
		{2E3D1583-E3D9-4388-B67E-E8B80789097C}.Debug|Any CPU.Build.0 = Debug|Any CPU
		{2E3D1583-E3D9-4388-B67E-E8B80789097C}.Release|Any CPU.ActiveCfg = Release|Any CPU
		{2E3D1583-E3D9-4388-B67E-E8B80789097C}.Release|Any CPU.Build.0 = Release|Any CPU
		{F5A928F1-B9E6-4079-B639-AAD6145EEAA3}.Debug|Any CPU.ActiveCfg = Debug|Any CPU
		{F5A928F1-B9E6-4079-B639-AAD6145EEAA3}.Debug|Any CPU.Build.0 = Debug|Any CPU
		{F5A928F1-B9E6-4079-B639-AAD6145EEAA3}.Release|Any CPU.ActiveCfg = Release|Any CPU
		{F5A928F1-B9E6-4079-B639-AAD6145EEAA3}.Release|Any CPU.Build.0 = Release|Any CPU
		{46C57493-81FB-405C-AA53-C7ED6151EF6A}.Debug|Any CPU.ActiveCfg = Debug|Any CPU
		{46C57493-81FB-405C-AA53-C7ED6151EF6A}.Debug|Any CPU.Build.0 = Debug|Any CPU
		{46C57493-81FB-405C-AA53-C7ED6151EF6A}.Release|Any CPU.ActiveCfg = Release|Any CPU
		{46C57493-81FB-405C-AA53-C7ED6151EF6A}.Release|Any CPU.Build.0 = Release|Any CPU
		{A7BC7FE8-F57C-4B86-BB9D-77982EE34DBF}.Debug|Any CPU.ActiveCfg = Debug|Any CPU
		{A7BC7FE8-F57C-4B86-BB9D-77982EE34DBF}.Debug|Any CPU.Build.0 = Debug|Any CPU
		{A7BC7FE8-F57C-4B86-BB9D-77982EE34DBF}.Release|Any CPU.ActiveCfg = Release|Any CPU
		{A7BC7FE8-F57C-4B86-BB9D-77982EE34DBF}.Release|Any CPU.Build.0 = Release|Any CPU
	EndGlobalSection
	GlobalSection(SolutionProperties) = preSolution
		HideSolutionNode = FALSE
	EndGlobalSection
EndGlobal
